<Solution>
  <Project Path="ApiGateway/ApiGateway.csproj" />
  <Project Path="NotificationService.API/NotificationService.API.csproj" />
  <Project Path="NotificationService.Application/NotificationService.Application.csproj" />
  <Project Path="NotificationService.Domain/NotificationService.Domain.csproj" />
  <Project Path="NotificationService.Infrastructure/NotificationService.Infrastructure.csproj" />
  <Project Path="OrderService.API/OrderService.API.csproj" />
  <Project Path="OrderService.Application/OrderService.Application.csproj" />
  <Project Path="OrderService.Domain/OrderService.Domain.csproj" />
  <Project Path="OrderService.Infrastructure/OrderService.Infrastructure.csproj" />
  <Project Path="ProductService.API/ProductService.API.csproj" />
  <Project Path="ProductService.Application/ProductService.Application.csproj" />
  <Project Path="ProductService.Domain/ProductService.Domain.csproj" />
  <Project Path="ProductService.Infrastructure/ProductService.Infrastructure.csproj" />
</Solution>
